
Microsoft Visual Studio Solution File, Format Version 12.00
# Visual Studio Version 16
VisualStudioVersion = 16.0.31205.134
MinimumVisualStudioVersion = 15.0.26124.0
Project("{9A19103F-16F7-4668-BE54-9A1E7A4F7556}") = "CodeParadise.Money", "CodeParadise.Money\CodeParadise.Money.csproj", "{2B44D47D-0DDC-4A6B-BE48-3C107AB02F0B}"
EndProject
Project("{9A19103F-16F7-4668-BE54-9A1E7A4F7556}") = "CodeParadise.Money.Tests", "CodeParadise.Money.Tests\CodeParadise.Money.Tests.csproj", "{0C4791B3-1632-4FB1-B1CC-B848EBA13E67}"
EndProject
Global
	GlobalSection(SolutionConfigurationPlatforms) = preSolution
		Debug|Any CPU = Debug|Any CPU
		Debug|x64 = Debug|x64
		Debug|x86 = Debug|x86
		Release|Any CPU = Release|Any CPU
		Release|x64 = Release|x64
		Release|x86 = Release|x86
	EndGlobalSection
	GlobalSection(ProjectConfigurationPlatforms) = postSolution
		{2B44D47D-0DDC-4A6B-BE48-3C107AB02F0B}.Debug|Any CPU.ActiveCfg = Debug|Any CPU
		{2B44D47D-0DDC-4A6B-BE48-3C107AB02F0B}.Debug|Any CPU.Build.0 = Debug|Any CPU
		{2B44D47D-0DDC-4A6B-BE48-3C107AB02F0B}.Debug|x64.ActiveCfg = Debug|Any CPU
		{2B44D47D-0DDC-4A6B-BE48-3C107AB02F0B}.Debug|x64.Build.0 = Debug|Any CPU
		{2B44D47D-0DDC-4A6B-BE48-3C107AB02F0B}.Debug|x86.ActiveCfg = Debug|Any CPU
		{2B44D47D-0DDC-4A6B-BE48-3C107AB02F0B}.Debug|x86.Build.0 = Debug|Any CPU
		{2B44D47D-0DDC-4A6B-BE48-3C107AB02F0B}.Release|Any CPU.ActiveCfg = Release|Any CPU
		{2B44D47D-0DDC-4A6B-BE48-3C107AB02F0B}.Release|Any CPU.Build.0 = Release|Any CPU
		{2B44D47D-0DDC-4A6B-BE48-3C107AB02F0B}.Release|x64.ActiveCfg = Release|Any CPU
		{2B44D47D-0DDC-4A6B-BE48-3C107AB02F0B}.Release|x64.Build.0 = Release|Any CPU
		{2B44D47D-0DDC-4A6B-BE48-3C107AB02F0B}.Release|x86.ActiveCfg = Release|Any CPU
		{2B44D47D-0DDC-4A6B-BE48-3C107AB02F0B}.Release|x86.Build.0 = Release|Any CPU
		{0C4791B3-1632-4FB1-B1CC-B848EBA13E67}.Debug|Any CPU.ActiveCfg = Debug|Any CPU
		{0C4791B3-1632-4FB1-B1CC-B848EBA13E67}.Debug|Any CPU.Build.0 = Debug|Any CPU
		{0C4791B3-1632-4FB1-B1CC-B848EBA13E67}.Debug|x64.ActiveCfg = Debug|Any CPU
		{0C4791B3-1632-4FB1-B1CC-B848EBA13E67}.Debug|x64.Build.0 = Debug|Any CPU
		{0C4791B3-1632-4FB1-B1CC-B848EBA13E67}.Debug|x86.ActiveCfg = Debug|Any CPU
		{0C4791B3-1632-4FB1-B1CC-B848EBA13E67}.Debug|x86.Build.0 = Debug|Any CPU
		{0C4791B3-1632-4FB1-B1CC-B848EBA13E67}.Release|Any CPU.ActiveCfg = Release|Any CPU
		{0C4791B3-1632-4FB1-B1CC-B848EBA13E67}.Release|Any CPU.Build.0 = Release|Any CPU
		{0C4791B3-1632-4FB1-B1CC-B848EBA13E67}.Release|x64.ActiveCfg = Release|Any CPU
		{0C4791B3-1632-4FB1-B1CC-B848EBA13E67}.Release|x64.Build.0 = Release|Any CPU
		{0C4791B3-1632-4FB1-B1CC-B848EBA13E67}.Release|x86.ActiveCfg = Release|Any CPU
		{0C4791B3-1632-4FB1-B1CC-B848EBA13E67}.Release|x86.Build.0 = Release|Any CPU
	EndGlobalSection
	GlobalSection(SolutionProperties) = preSolution
		HideSolutionNode = FALSE
	EndGlobalSection
	GlobalSection(ExtensibilityGlobals) = postSolution
		SolutionGuid = {58165D0F-78E4-415C-8309-9D34A9D1A447}
	EndGlobalSection
EndGlobal
